
Microsoft Visual Studio Solution File, Format Version 12.00
# Visual Studio Version 16
VisualStudioVersion = 16.0.30114.105
MinimumVisualStudioVersion = 10.0.40219.1
Project("{2150E333-8FDC-42A3-9474-1A3956D46DE8}") = "src", "src", "{57103557-9CF5-42C9-BD5A-D3F24A3FCEF8}"
EndProject
Project("{FAE04EC0-301F-11D3-BF4B-00C04F79EFBC}") = "zadanieApp", "src\zadanieApp\zadanieApp.csproj", "{642D3FDB-CBF1-4F7B-8BA2-370A00F13D82}"
EndProject
Project("{2150E333-8FDC-42A3-9474-1A3956D46DE8}") = "test", "test", "{96AE5421-3E47-492D-8176-8BCC1B32BFB2}"
EndProject
Project("{FAE04EC0-301F-11D3-BF4B-00C04F79EFBC}") = "zadanie.Tests", "test\zadanie.Tests\zadanie.Tests.csproj", "{E4705711-0FCF-4DAE-B6C0-5DCADDB4AD28}"
EndProject
Global
	GlobalSection(SolutionConfigurationPlatforms) = preSolution
		Debug|Any CPU = Debug|Any CPU
		Debug|x64 = Debug|x64
		Debug|x86 = Debug|x86
		Release|Any CPU = Release|Any CPU
		Release|x64 = Release|x64
		Release|x86 = Release|x86
	EndGlobalSection
	GlobalSection(SolutionProperties) = preSolution
		HideSolutionNode = FALSE
	EndGlobalSection
	GlobalSection(ProjectConfigurationPlatforms) = postSolution
		{642D3FDB-CBF1-4F7B-8BA2-370A00F13D82}.Debug|Any CPU.ActiveCfg = Debug|Any CPU
		{642D3FDB-CBF1-4F7B-8BA2-370A00F13D82}.Debug|Any CPU.Build.0 = Debug|Any CPU
		{642D3FDB-CBF1-4F7B-8BA2-370A00F13D82}.Debug|x64.ActiveCfg = Debug|Any CPU
		{642D3FDB-CBF1-4F7B-8BA2-370A00F13D82}.Debug|x64.Build.0 = Debug|Any CPU
		{642D3FDB-CBF1-4F7B-8BA2-370A00F13D82}.Debug|x86.ActiveCfg = Debug|Any CPU
		{642D3FDB-CBF1-4F7B-8BA2-370A00F13D82}.Debug|x86.Build.0 = Debug|Any CPU
		{642D3FDB-CBF1-4F7B-8BA2-370A00F13D82}.Release|Any CPU.ActiveCfg = Release|Any CPU
		{642D3FDB-CBF1-4F7B-8BA2-370A00F13D82}.Release|Any CPU.Build.0 = Release|Any CPU
		{642D3FDB-CBF1-4F7B-8BA2-370A00F13D82}.Release|x64.ActiveCfg = Release|Any CPU
		{642D3FDB-CBF1-4F7B-8BA2-370A00F13D82}.Release|x64.Build.0 = Release|Any CPU
		{642D3FDB-CBF1-4F7B-8BA2-370A00F13D82}.Release|x86.ActiveCfg = Release|Any CPU
		{642D3FDB-CBF1-4F7B-8BA2-370A00F13D82}.Release|x86.Build.0 = Release|Any CPU
		{E4705711-0FCF-4DAE-B6C0-5DCADDB4AD28}.Debug|Any CPU.ActiveCfg = Debug|Any CPU
		{E4705711-0FCF-4DAE-B6C0-5DCADDB4AD28}.Debug|Any CPU.Build.0 = Debug|Any CPU
		{E4705711-0FCF-4DAE-B6C0-5DCADDB4AD28}.Debug|x64.ActiveCfg = Debug|Any CPU
		{E4705711-0FCF-4DAE-B6C0-5DCADDB4AD28}.Debug|x64.Build.0 = Debug|Any CPU
		{E4705711-0FCF-4DAE-B6C0-5DCADDB4AD28}.Debug|x86.ActiveCfg = Debug|Any CPU
		{E4705711-0FCF-4DAE-B6C0-5DCADDB4AD28}.Debug|x86.Build.0 = Debug|Any CPU
		{E4705711-0FCF-4DAE-B6C0-5DCADDB4AD28}.Release|Any CPU.ActiveCfg = Release|Any CPU
		{E4705711-0FCF-4DAE-B6C0-5DCADDB4AD28}.Release|Any CPU.Build.0 = Release|Any CPU
		{E4705711-0FCF-4DAE-B6C0-5DCADDB4AD28}.Release|x64.ActiveCfg = Release|Any CPU
		{E4705711-0FCF-4DAE-B6C0-5DCADDB4AD28}.Release|x64.Build.0 = Release|Any CPU
		{E4705711-0FCF-4DAE-B6C0-5DCADDB4AD28}.Release|x86.ActiveCfg = Release|Any CPU
		{E4705711-0FCF-4DAE-B6C0-5DCADDB4AD28}.Release|x86.Build.0 = Release|Any CPU
	EndGlobalSection
	GlobalSection(NestedProjects) = preSolution
		{642D3FDB-CBF1-4F7B-8BA2-370A00F13D82} = {57103557-9CF5-42C9-BD5A-D3F24A3FCEF8}
		{E4705711-0FCF-4DAE-B6C0-5DCADDB4AD28} = {96AE5421-3E47-492D-8176-8BCC1B32BFB2}
	EndGlobalSection
EndGlobal
